
Microsoft Visual Studio Solution File, Format Version 12.00
# Visual Studio 14
VisualStudioVersion = 14.0.24720.0
MinimumVisualStudioVersion = 10.0.40219.1
Project("{FAE04EC0-301F-11D3-BF4B-00C04F79EFBC}") = "Stampit.DataAccess", "Stampit.DataAccess\Stampit.DataAccess.csproj", "{AC49263B-2805-43BC-A77E-4F12F6DD00D1}"
	ProjectSection(ProjectDependencies) = postProject
		{90F34655-45B5-49B9-A3C3-1FC290F94721} = {90F34655-45B5-49B9-A3C3-1FC290F94721}
		{B2B2549D-D6FD-4188-879F-1891FA38CFED} = {B2B2549D-D6FD-4188-879F-1891FA38CFED}
	EndProjectSection
EndProject
Project("{FAE04EC0-301F-11D3-BF4B-00C04F79EFBC}") = "Stampit.Entity", "Stampit.Entity\Stampit.Entity.csproj", "{90F34655-45B5-49B9-A3C3-1FC290F94721}"
EndProject
Project("{FAE04EC0-301F-11D3-BF4B-00C04F79EFBC}") = "Stampit.Logic", "Stampit.Logic\Stampit.Logic.csproj", "{067E0BE1-4277-4300-89E2-766E110623CE}"
	ProjectSection(ProjectDependencies) = postProject
		{AC49263B-2805-43BC-A77E-4F12F6DD00D1} = {AC49263B-2805-43BC-A77E-4F12F6DD00D1}
		{90F34655-45B5-49B9-A3C3-1FC290F94721} = {90F34655-45B5-49B9-A3C3-1FC290F94721}
		{EFF55F68-728D-4285-BD4E-8302075C7DE3} = {EFF55F68-728D-4285-BD4E-8302075C7DE3}
		{B2B2549D-D6FD-4188-879F-1891FA38CFED} = {B2B2549D-D6FD-4188-879F-1891FA38CFED}
	EndProjectSection
EndProject
Project("{FAE04EC0-301F-11D3-BF4B-00C04F79EFBC}") = "Stampit.CommonType", "Stampit.CommonType\Stampit.CommonType.csproj", "{B2B2549D-D6FD-4188-879F-1891FA38CFED}"
EndProject
Project("{FAE04EC0-301F-11D3-BF4B-00C04F79EFBC}") = "Stampit.Webapp", "Stampit.Webapp\Stampit.Webapp.csproj", "{8E66CF9C-EB05-425C-945E-841FADB6A4F1}"
	ProjectSection(ProjectDependencies) = postProject
		{5158531C-FC53-4FE0-B2A8-FE1882BBDD94} = {5158531C-FC53-4FE0-B2A8-FE1882BBDD94}
		{90F34655-45B5-49B9-A3C3-1FC290F94721} = {90F34655-45B5-49B9-A3C3-1FC290F94721}
		{EFF55F68-728D-4285-BD4E-8302075C7DE3} = {EFF55F68-728D-4285-BD4E-8302075C7DE3}
		{B2B2549D-D6FD-4188-879F-1891FA38CFED} = {B2B2549D-D6FD-4188-879F-1891FA38CFED}
		{067E0BE1-4277-4300-89E2-766E110623CE} = {067E0BE1-4277-4300-89E2-766E110623CE}
	EndProjectSection
EndProject
Project("{FAE04EC0-301F-11D3-BF4B-00C04F79EFBC}") = "Stampit.Service", "Stampit.Service\Stampit.Service.csproj", "{A7D764D0-8F00-418D-8530-F5763B1DF644}"
	ProjectSection(ProjectDependencies) = postProject
		{5158531C-FC53-4FE0-B2A8-FE1882BBDD94} = {5158531C-FC53-4FE0-B2A8-FE1882BBDD94}
		{90F34655-45B5-49B9-A3C3-1FC290F94721} = {90F34655-45B5-49B9-A3C3-1FC290F94721}
		{EFF55F68-728D-4285-BD4E-8302075C7DE3} = {EFF55F68-728D-4285-BD4E-8302075C7DE3}
		{B2B2549D-D6FD-4188-879F-1891FA38CFED} = {B2B2549D-D6FD-4188-879F-1891FA38CFED}
		{067E0BE1-4277-4300-89E2-766E110623CE} = {067E0BE1-4277-4300-89E2-766E110623CE}
	EndProjectSection
EndProject
Project("{FAE04EC0-301F-11D3-BF4B-00C04F79EFBC}") = "Stampit.Logic.Fakes", "Stampit.Logic.Fakes\Stampit.Logic.Fakes.csproj", "{5158531C-FC53-4FE0-B2A8-FE1882BBDD94}"
EndProject
Project("{FAE04EC0-301F-11D3-BF4B-00C04F79EFBC}") = "Stampit.Logic.Interface", "Stampit.Logic.Interface\Stampit.Logic.Interface.csproj", "{EFF55F68-728D-4285-BD4E-8302075C7DE3}"
EndProject
Global
	GlobalSection(SolutionConfigurationPlatforms) = preSolution
		Debug|Any CPU = Debug|Any CPU
		Release|Any CPU = Release|Any CPU
	EndGlobalSection
	GlobalSection(ProjectConfigurationPlatforms) = postSolution
		{AC49263B-2805-43BC-A77E-4F12F6DD00D1}.Debug|Any CPU.ActiveCfg = Debug|Any CPU
		{AC49263B-2805-43BC-A77E-4F12F6DD00D1}.Debug|Any CPU.Build.0 = Debug|Any CPU
		{AC49263B-2805-43BC-A77E-4F12F6DD00D1}.Release|Any CPU.ActiveCfg = Release|Any CPU
		{AC49263B-2805-43BC-A77E-4F12F6DD00D1}.Release|Any CPU.Build.0 = Release|Any CPU
		{90F34655-45B5-49B9-A3C3-1FC290F94721}.Debug|Any CPU.ActiveCfg = Debug|Any CPU
		{90F34655-45B5-49B9-A3C3-1FC290F94721}.Debug|Any CPU.Build.0 = Debug|Any CPU
		{90F34655-45B5-49B9-A3C3-1FC290F94721}.Release|Any CPU.ActiveCfg = Release|Any CPU
		{90F34655-45B5-49B9-A3C3-1FC290F94721}.Release|Any CPU.Build.0 = Release|Any CPU
		{067E0BE1-4277-4300-89E2-766E110623CE}.Debug|Any CPU.ActiveCfg = Debug|Any CPU
		{067E0BE1-4277-4300-89E2-766E110623CE}.Debug|Any CPU.Build.0 = Debug|Any CPU
		{067E0BE1-4277-4300-89E2-766E110623CE}.Release|Any CPU.ActiveCfg = Release|Any CPU
		{067E0BE1-4277-4300-89E2-766E110623CE}.Release|Any CPU.Build.0 = Release|Any CPU
		{B2B2549D-D6FD-4188-879F-1891FA38CFED}.Debug|Any CPU.ActiveCfg = Debug|Any CPU
		{B2B2549D-D6FD-4188-879F-1891FA38CFED}.Debug|Any CPU.Build.0 = Debug|Any CPU
		{B2B2549D-D6FD-4188-879F-1891FA38CFED}.Release|Any CPU.ActiveCfg = Release|Any CPU
		{B2B2549D-D6FD-4188-879F-1891FA38CFED}.Release|Any CPU.Build.0 = Release|Any CPU
		{8E66CF9C-EB05-425C-945E-841FADB6A4F1}.Debug|Any CPU.ActiveCfg = Debug|Any CPU
		{8E66CF9C-EB05-425C-945E-841FADB6A4F1}.Debug|Any CPU.Build.0 = Debug|Any CPU
		{8E66CF9C-EB05-425C-945E-841FADB6A4F1}.Release|Any CPU.ActiveCfg = Release|Any CPU
		{8E66CF9C-EB05-425C-945E-841FADB6A4F1}.Release|Any CPU.Build.0 = Release|Any CPU
		{A7D764D0-8F00-418D-8530-F5763B1DF644}.Debug|Any CPU.ActiveCfg = Debug|Any CPU
		{A7D764D0-8F00-418D-8530-F5763B1DF644}.Debug|Any CPU.Build.0 = Debug|Any CPU
		{A7D764D0-8F00-418D-8530-F5763B1DF644}.Release|Any CPU.ActiveCfg = Release|Any CPU
		{A7D764D0-8F00-418D-8530-F5763B1DF644}.Release|Any CPU.Build.0 = Release|Any CPU
		{5158531C-FC53-4FE0-B2A8-FE1882BBDD94}.Debug|Any CPU.ActiveCfg = Debug|Any CPU
		{5158531C-FC53-4FE0-B2A8-FE1882BBDD94}.Debug|Any CPU.Build.0 = Debug|Any CPU
		{5158531C-FC53-4FE0-B2A8-FE1882BBDD94}.Release|Any CPU.ActiveCfg = Release|Any CPU
		{5158531C-FC53-4FE0-B2A8-FE1882BBDD94}.Release|Any CPU.Build.0 = Release|Any CPU
		{EFF55F68-728D-4285-BD4E-8302075C7DE3}.Debug|Any CPU.ActiveCfg = Debug|Any CPU
		{EFF55F68-728D-4285-BD4E-8302075C7DE3}.Debug|Any CPU.Build.0 = Debug|Any CPU
		{EFF55F68-728D-4285-BD4E-8302075C7DE3}.Release|Any CPU.ActiveCfg = Release|Any CPU
		{EFF55F68-728D-4285-BD4E-8302075C7DE3}.Release|Any CPU.Build.0 = Release|Any CPU
	EndGlobalSection
	GlobalSection(SolutionProperties) = preSolution
		HideSolutionNode = FALSE
	EndGlobalSection
EndGlobal
